// !$*UTF8*$!
{
	archiveVersion = 1;
	classes = {
	};
	objectVersion = 46;
	objects = {

/* Begin PBXBuildFile section */
		211CD7401B5D3C4700639689 /* HomeCollectionViewController.swift in Sources */ = {isa = PBXBuildFile; fileRef = 211CD73F1B5D3C4700639689 /* HomeCollectionViewController.swift */; };
		211CD7421B5D44CD00639689 /* WordCollectionViewCell.swift in Sources */ = {isa = PBXBuildFile; fileRef = 211CD7411B5D44CD00639689 /* WordCollectionViewCell.swift */; };
		212DAD911B5A3504007E80F2 /* WordViewController.swift in Sources */ = {isa = PBXBuildFile; fileRef = 212DAD901B5A3504007E80F2 /* WordViewController.swift */; };
		219D09F91BD3B348007CD6CE /* Extensions.swift in Sources */ = {isa = PBXBuildFile; fileRef = 219D09F81BD3B348007CD6CE /* Extensions.swift */; settings = {ASSET_TAGS = (); }; };
		21D6283A1B4F5A4A00E6E4DB /* AppDelegate.swift in Sources */ = {isa = PBXBuildFile; fileRef = 21D628391B4F5A4A00E6E4DB /* AppDelegate.swift */; };
		21D6283F1B4F5A4A00E6E4DB /* Main.storyboard in Resources */ = {isa = PBXBuildFile; fileRef = 21D6283D1B4F5A4A00E6E4DB /* Main.storyboard */; };
		21D628421B4F5A4A00E6E4DB /* Red.xcdatamodeld in Sources */ = {isa = PBXBuildFile; fileRef = 21D628401B4F5A4A00E6E4DB /* Red.xcdatamodeld */; };
		21D628441B4F5A4A00E6E4DB /* Assets.xcassets in Resources */ = {isa = PBXBuildFile; fileRef = 21D628431B4F5A4A00E6E4DB /* Assets.xcassets */; };
		21D628471B4F5A4A00E6E4DB /* LaunchScreen.storyboard in Resources */ = {isa = PBXBuildFile; fileRef = 21D628451B4F5A4A00E6E4DB /* LaunchScreen.storyboard */; };
		21D628521B4F5A4A00E6E4DB /* RedTests.swift in Sources */ = {isa = PBXBuildFile; fileRef = 21D628511B4F5A4A00E6E4DB /* RedTests.swift */; };
		21D6285D1B4F5A4A00E6E4DB /* RedUITests.swift in Sources */ = {isa = PBXBuildFile; fileRef = 21D6285C1B4F5A4A00E6E4DB /* RedUITests.swift */; };
		21D6286B1B4F5EF500E6E4DB /* HomeTableViewController.swift in Sources */ = {isa = PBXBuildFile; fileRef = 21D6286A1B4F5EF500E6E4DB /* HomeTableViewController.swift */; };
		21D6286D1B4F5F2C00E6E4DB /* SettingsViewController.swift in Sources */ = {isa = PBXBuildFile; fileRef = 21D6286C1B4F5F2C00E6E4DB /* SettingsViewController.swift */; };
		21D6286F1B4F5F9200E6E4DB /* AddViewController.swift in Sources */ = {isa = PBXBuildFile; fileRef = 21D6286E1B4F5F9200E6E4DB /* AddViewController.swift */; };
		21D628741B4F62AA00E6E4DB /* Word.swift in Sources */ = {isa = PBXBuildFile; fileRef = 21D628731B4F62AA00E6E4DB /* Word.swift */; };
		EABFDF7C2406C8AA6E72D581 /* libPods-Red.a in Frameworks */ = {isa = PBXBuildFile; fileRef = 8E0C5A6F0BBE6F14417BD9FC /* libPods-Red.a */; };
/* End PBXBuildFile section */

/* Begin PBXContainerItemProxy section */
		21D6284E1B4F5A4A00E6E4DB /* PBXContainerItemProxy */ = {
			isa = PBXContainerItemProxy;
			containerPortal = 21D6282E1B4F5A4A00E6E4DB /* Project object */;
			proxyType = 1;
			remoteGlobalIDString = 21D628351B4F5A4A00E6E4DB;
			remoteInfo = Red;
		};
		21D628591B4F5A4A00E6E4DB /* PBXContainerItemProxy */ = {
			isa = PBXContainerItemProxy;
			containerPortal = 21D6282E1B4F5A4A00E6E4DB /* Project object */;
			proxyType = 1;
			remoteGlobalIDString = 21D628351B4F5A4A00E6E4DB;
			remoteInfo = Red;
		};
/* End PBXContainerItemProxy section */

/* Begin PBXFileReference section */
		211CD73F1B5D3C4700639689 /* HomeCollectionViewController.swift */ = {isa = PBXFileReference; fileEncoding = 4; lastKnownFileType = sourcecode.swift; path = HomeCollectionViewController.swift; sourceTree = "<group>"; };
		211CD7411B5D44CD00639689 /* WordCollectionViewCell.swift */ = {isa = PBXFileReference; fileEncoding = 4; lastKnownFileType = sourcecode.swift; path = WordCollectionViewCell.swift; sourceTree = "<group>"; };
		212956831B5EDF810089554A /* Red-Bridging-Header.h */ = {isa = PBXFileReference; lastKnownFileType = sourcecode.c.h; path = "Red-Bridging-Header.h"; sourceTree = "<group>"; };
		212DAD901B5A3504007E80F2 /* WordViewController.swift */ = {isa = PBXFileReference; fileEncoding = 4; lastKnownFileType = sourcecode.swift; path = WordViewController.swift; sourceTree = "<group>"; };
		219D09F81BD3B348007CD6CE /* Extensions.swift */ = {isa = PBXFileReference; fileEncoding = 4; lastKnownFileType = sourcecode.swift; path = Extensions.swift; sourceTree = "<group>"; };
		21D628361B4F5A4A00E6E4DB /* Capchit.app */ = {isa = PBXFileReference; explicitFileType = wrapper.application; includeInIndex = 0; path = Capchit.app; sourceTree = BUILT_PRODUCTS_DIR; };
		21D628391B4F5A4A00E6E4DB /* AppDelegate.swift */ = {isa = PBXFileReference; lastKnownFileType = sourcecode.swift; path = AppDelegate.swift; sourceTree = "<group>"; };
		21D6283E1B4F5A4A00E6E4DB /* Base */ = {isa = PBXFileReference; lastKnownFileType = file.storyboard; name = Base; path = Base.lproj/Main.storyboard; sourceTree = "<group>"; };
		21D628411B4F5A4A00E6E4DB /* Red.xcdatamodel */ = {isa = PBXFileReference; lastKnownFileType = wrapper.xcdatamodel; path = Red.xcdatamodel; sourceTree = "<group>"; };
		21D628431B4F5A4A00E6E4DB /* Assets.xcassets */ = {isa = PBXFileReference; lastKnownFileType = folder.assetcatalog; path = Assets.xcassets; sourceTree = "<group>"; };
		21D628461B4F5A4A00E6E4DB /* Base */ = {isa = PBXFileReference; lastKnownFileType = file.storyboard; name = Base; path = Base.lproj/LaunchScreen.storyboard; sourceTree = "<group>"; };
		21D628481B4F5A4A00E6E4DB /* Info.plist */ = {isa = PBXFileReference; lastKnownFileType = text.plist.xml; path = Info.plist; sourceTree = "<group>"; };
		21D6284D1B4F5A4A00E6E4DB /* Capchit.xctest */ = {isa = PBXFileReference; explicitFileType = wrapper.cfbundle; includeInIndex = 0; path = Capchit.xctest; sourceTree = BUILT_PRODUCTS_DIR; };
		21D628511B4F5A4A00E6E4DB /* RedTests.swift */ = {isa = PBXFileReference; lastKnownFileType = sourcecode.swift; path = RedTests.swift; sourceTree = "<group>"; };
		21D628531B4F5A4A00E6E4DB /* Info.plist */ = {isa = PBXFileReference; lastKnownFileType = text.plist.xml; path = Info.plist; sourceTree = "<group>"; };
		21D628581B4F5A4A00E6E4DB /* Capchit.xctest */ = {isa = PBXFileReference; explicitFileType = wrapper.cfbundle; includeInIndex = 0; path = Capchit.xctest; sourceTree = BUILT_PRODUCTS_DIR; };
		21D6285C1B4F5A4A00E6E4DB /* RedUITests.swift */ = {isa = PBXFileReference; lastKnownFileType = sourcecode.swift; path = RedUITests.swift; sourceTree = "<group>"; };
		21D6285E1B4F5A4A00E6E4DB /* Info.plist */ = {isa = PBXFileReference; lastKnownFileType = text.plist.xml; path = Info.plist; sourceTree = "<group>"; };
		21D6286A1B4F5EF500E6E4DB /* HomeTableViewController.swift */ = {isa = PBXFileReference; fileEncoding = 4; lastKnownFileType = sourcecode.swift; path = HomeTableViewController.swift; sourceTree = "<group>"; };
		21D6286C1B4F5F2C00E6E4DB /* SettingsViewController.swift */ = {isa = PBXFileReference; fileEncoding = 4; lastKnownFileType = sourcecode.swift; path = SettingsViewController.swift; sourceTree = "<group>"; };
		21D6286E1B4F5F9200E6E4DB /* AddViewController.swift */ = {isa = PBXFileReference; fileEncoding = 4; lastKnownFileType = sourcecode.swift; path = AddViewController.swift; sourceTree = "<group>"; };
		21D628731B4F62AA00E6E4DB /* Word.swift */ = {isa = PBXFileReference; fileEncoding = 4; lastKnownFileType = sourcecode.swift; path = Word.swift; sourceTree = "<group>"; };
		2ED4202CDBD896B2892813CC /* Pods-Red.debug.xcconfig */ = {isa = PBXFileReference; includeInIndex = 1; lastKnownFileType = text.xcconfig; name = "Pods-Red.debug.xcconfig"; path = "Pods/Target Support Files/Pods-Red/Pods-Red.debug.xcconfig"; sourceTree = "<group>"; };
		8E0C5A6F0BBE6F14417BD9FC /* libPods-Red.a */ = {isa = PBXFileReference; explicitFileType = archive.ar; includeInIndex = 0; path = "libPods-Red.a"; sourceTree = BUILT_PRODUCTS_DIR; };
		B626DFA29F3CF2382A565349 /* Pods-Red.release.xcconfig */ = {isa = PBXFileReference; includeInIndex = 1; lastKnownFileType = text.xcconfig; name = "Pods-Red.release.xcconfig"; path = "Pods/Target Support Files/Pods-Red/Pods-Red.release.xcconfig"; sourceTree = "<group>"; };
/* End PBXFileReference section */

/* Begin PBXFrameworksBuildPhase section */
		21D628331B4F5A4A00E6E4DB /* Frameworks */ = {
			isa = PBXFrameworksBuildPhase;
			buildActionMask = 2147483647;
			files = (
				EABFDF7C2406C8AA6E72D581 /* libPods-Red.a in Frameworks */,
			);
			runOnlyForDeploymentPostprocessing = 0;
		};
		21D6284A1B4F5A4A00E6E4DB /* Frameworks */ = {
			isa = PBXFrameworksBuildPhase;
			buildActionMask = 2147483647;
			files = (
			);
			runOnlyForDeploymentPostprocessing = 0;
		};
		21D628551B4F5A4A00E6E4DB /* Frameworks */ = {
			isa = PBXFrameworksBuildPhase;
			buildActionMask = 2147483647;
			files = (
			);
			runOnlyForDeploymentPostprocessing = 0;
		};
/* End PBXFrameworksBuildPhase section */

/* Begin PBXGroup section */
		21D6282D1B4F5A4A00E6E4DB = {
			isa = PBXGroup;
			children = (
				21D628381B4F5A4A00E6E4DB /* Red */,
				21D628501B4F5A4A00E6E4DB /* RedTests */,
				21D6285B1B4F5A4A00E6E4DB /* RedUITests */,
				21D628371B4F5A4A00E6E4DB /* Products */,
				7F6CF1E91A9857F67DED67E4 /* Pods */,
				66F75883A97A31034EAEB84E /* Frameworks */,
			);
			sourceTree = "<group>";
		};
		21D628371B4F5A4A00E6E4DB /* Products */ = {
			isa = PBXGroup;
			children = (
				21D628361B4F5A4A00E6E4DB /* Capchit.app */,
				21D6284D1B4F5A4A00E6E4DB /* Capchit.xctest */,
				21D628581B4F5A4A00E6E4DB /* Capchit.xctest */,
			);
			name = Products;
			sourceTree = "<group>";
		};
		21D628381B4F5A4A00E6E4DB /* Red */ = {
			isa = PBXGroup;
			children = (
				21D628721B4F629A00E6E4DB /* Models */,
				21D628391B4F5A4A00E6E4DB /* AppDelegate.swift */,
				21D6283D1B4F5A4A00E6E4DB /* Main.storyboard */,
				21D628431B4F5A4A00E6E4DB /* Assets.xcassets */,
				21D628451B4F5A4A00E6E4DB /* LaunchScreen.storyboard */,
				21D628481B4F5A4A00E6E4DB /* Info.plist */,
				21D628401B4F5A4A00E6E4DB /* Red.xcdatamodeld */,
				21D6286A1B4F5EF500E6E4DB /* HomeTableViewController.swift */,
				21D6286C1B4F5F2C00E6E4DB /* SettingsViewController.swift */,
				21D6286E1B4F5F9200E6E4DB /* AddViewController.swift */,
				212DAD901B5A3504007E80F2 /* WordViewController.swift */,
				211CD73F1B5D3C4700639689 /* HomeCollectionViewController.swift */,
				211CD7411B5D44CD00639689 /* WordCollectionViewCell.swift */,
				212956831B5EDF810089554A /* Red-Bridging-Header.h */,
				219D09F81BD3B348007CD6CE /* Extensions.swift */,
			);
			path = Red;
			sourceTree = "<group>";
		};
		21D628501B4F5A4A00E6E4DB /* RedTests */ = {
			isa = PBXGroup;
			children = (
				21D628511B4F5A4A00E6E4DB /* RedTests.swift */,
				21D628531B4F5A4A00E6E4DB /* Info.plist */,
			);
			path = RedTests;
			sourceTree = "<group>";
		};
		21D6285B1B4F5A4A00E6E4DB /* RedUITests */ = {
			isa = PBXGroup;
			children = (
				21D6285C1B4F5A4A00E6E4DB /* RedUITests.swift */,
				21D6285E1B4F5A4A00E6E4DB /* Info.plist */,
			);
			path = RedUITests;
			sourceTree = "<group>";
		};
		21D628721B4F629A00E6E4DB /* Models */ = {
			isa = PBXGroup;
			children = (
				21D628731B4F62AA00E6E4DB /* Word.swift */,
			);
			name = Models;
			sourceTree = "<group>";
		};
		66F75883A97A31034EAEB84E /* Frameworks */ = {
			isa = PBXGroup;
			children = (
				8E0C5A6F0BBE6F14417BD9FC /* libPods-Red.a */,
			);
			name = Frameworks;
			sourceTree = "<group>";
		};
		7F6CF1E91A9857F67DED67E4 /* Pods */ = {
			isa = PBXGroup;
			children = (
				2ED4202CDBD896B2892813CC /* Pods-Red.debug.xcconfig */,
				B626DFA29F3CF2382A565349 /* Pods-Red.release.xcconfig */,
			);
			name = Pods;
			sourceTree = "<group>";
		};
/* End PBXGroup section */

/* Begin PBXNativeTarget section */
		21D628351B4F5A4A00E6E4DB /* Capchit */ = {
			isa = PBXNativeTarget;
			buildConfigurationList = 21D628611B4F5A4A00E6E4DB /* Build configuration list for PBXNativeTarget "Capchit" */;
			buildPhases = (
				B69C3947716789CE821C157B /* Check Pods Manifest.lock */,
				21D628321B4F5A4A00E6E4DB /* Sources */,
				21D628331B4F5A4A00E6E4DB /* Frameworks */,
				21D628341B4F5A4A00E6E4DB /* Resources */,
				36F48488375D22BA7AFE9602 /* Copy Pods Resources */,
			);
			buildRules = (
			);
			dependencies = (
			);
			name = Capchit;
			productName = Red;
			productReference = 21D628361B4F5A4A00E6E4DB /* Capchit.app */;
			productType = "com.apple.product-type.application";
		};
		21D6284C1B4F5A4A00E6E4DB /* CapchitTests */ = {
			isa = PBXNativeTarget;
			buildConfigurationList = 21D628641B4F5A4A00E6E4DB /* Build configuration list for PBXNativeTarget "CapchitTests" */;
			buildPhases = (
				21D628491B4F5A4A00E6E4DB /* Sources */,
				21D6284A1B4F5A4A00E6E4DB /* Frameworks */,
				21D6284B1B4F5A4A00E6E4DB /* Resources */,
			);
			buildRules = (
			);
			dependencies = (
				21D6284F1B4F5A4A00E6E4DB /* PBXTargetDependency */,
			);
			name = CapchitTests;
			productName = RedTests;
			productReference = 21D6284D1B4F5A4A00E6E4DB /* Capchit.xctest */;
			productType = "com.apple.product-type.bundle.unit-test";
		};
		21D628571B4F5A4A00E6E4DB /* CapchitUITests */ = {
			isa = PBXNativeTarget;
			buildConfigurationList = 21D628671B4F5A4A00E6E4DB /* Build configuration list for PBXNativeTarget "CapchitUITests" */;
			buildPhases = (
				21D628541B4F5A4A00E6E4DB /* Sources */,
				21D628551B4F5A4A00E6E4DB /* Frameworks */,
				21D628561B4F5A4A00E6E4DB /* Resources */,
			);
			buildRules = (
			);
			dependencies = (
				21D6285A1B4F5A4A00E6E4DB /* PBXTargetDependency */,
			);
			name = CapchitUITests;
			productName = RedUITests;
			productReference = 21D628581B4F5A4A00E6E4DB /* Capchit.xctest */;
			productType = "com.apple.product-type.bundle.ui-testing";
		};
/* End PBXNativeTarget section */

/* Begin PBXProject section */
		21D6282E1B4F5A4A00E6E4DB /* Project object */ = {
			isa = PBXProject;
			attributes = {
				LastSwiftUpdateCheck = 0700;
				LastUpgradeCheck = 0700;
				ORGANIZATIONNAME = "The Leaf";
				TargetAttributes = {
					21D628351B4F5A4A00E6E4DB = {
						CreatedOnToolsVersion = 7.0;
						DevelopmentTeam = 349P7P3B63;
					};
					21D6284C1B4F5A4A00E6E4DB = {
						CreatedOnToolsVersion = 7.0;
						TestTargetID = 21D628351B4F5A4A00E6E4DB;
					};
					21D628571B4F5A4A00E6E4DB = {
						CreatedOnToolsVersion = 7.0;
						TestTargetID = 21D628351B4F5A4A00E6E4DB;
					};
				};
			};
			buildConfigurationList = 21D628311B4F5A4A00E6E4DB /* Build configuration list for PBXProject "Capchit" */;
			compatibilityVersion = "Xcode 3.2";
			developmentRegion = English;
			hasScannedForEncodings = 0;
			knownRegions = (
				en,
				Base,
			);
			mainGroup = 21D6282D1B4F5A4A00E6E4DB;
			productRefGroup = 21D628371B4F5A4A00E6E4DB /* Products */;
			projectDirPath = "";
			projectRoot = "";
			targets = (
				21D628351B4F5A4A00E6E4DB /* Capchit */,
				21D6284C1B4F5A4A00E6E4DB /* CapchitTests */,
				21D628571B4F5A4A00E6E4DB /* CapchitUITests */,
			);
		};
/* End PBXProject section */

/* Begin PBXResourcesBuildPhase section */
		21D628341B4F5A4A00E6E4DB /* Resources */ = {
			isa = PBXResourcesBuildPhase;
			buildActionMask = 2147483647;
			files = (
				21D628471B4F5A4A00E6E4DB /* LaunchScreen.storyboard in Resources */,
				21D628441B4F5A4A00E6E4DB /* Assets.xcassets in Resources */,
				21D6283F1B4F5A4A00E6E4DB /* Main.storyboard in Resources */,
			);
			runOnlyForDeploymentPostprocessing = 0;
		};
		21D6284B1B4F5A4A00E6E4DB /* Resources */ = {
			isa = PBXResourcesBuildPhase;
			buildActionMask = 2147483647;
			files = (
			);
			runOnlyForDeploymentPostprocessing = 0;
		};
		21D628561B4F5A4A00E6E4DB /* Resources */ = {
			isa = PBXResourcesBuildPhase;
			buildActionMask = 2147483647;
			files = (
			);
			runOnlyForDeploymentPostprocessing = 0;
		};
/* End PBXResourcesBuildPhase section */

/* Begin PBXShellScriptBuildPhase section */
		36F48488375D22BA7AFE9602 /* Copy Pods Resources */ = {
			isa = PBXShellScriptBuildPhase;
			buildActionMask = 2147483647;
			files = (
			);
			inputPaths = (
			);
			name = "Copy Pods Resources";
			outputPaths = (
			);
			runOnlyForDeploymentPostprocessing = 0;
			shellPath = /bin/sh;
			shellScript = "\"${SRCROOT}/Pods/Target Support Files/Pods-Red/Pods-Red-resources.sh\"\n";
			showEnvVarsInLog = 0;
		};
		B69C3947716789CE821C157B /* Check Pods Manifest.lock */ = {
			isa = PBXShellScriptBuildPhase;
			buildActionMask = 2147483647;
			files = (
			);
			inputPaths = (
			);
			name = "Check Pods Manifest.lock";
			outputPaths = (
			);
			runOnlyForDeploymentPostprocessing = 0;
			shellPath = /bin/sh;
			shellScript = "diff \"${PODS_ROOT}/../Podfile.lock\" \"${PODS_ROOT}/Manifest.lock\" > /dev/null\nif [[ $? != 0 ]] ; then\n    cat << EOM\nerror: The sandbox is not in sync with the Podfile.lock. Run 'pod install' or update your CocoaPods installation.\nEOM\n    exit 1\nfi\n";
			showEnvVarsInLog = 0;
		};
/* End PBXShellScriptBuildPhase section */

/* Begin PBXSourcesBuildPhase section */
		21D628321B4F5A4A00E6E4DB /* Sources */ = {
			isa = PBXSourcesBuildPhase;
			buildActionMask = 2147483647;
			files = (
				211CD7401B5D3C4700639689 /* HomeCollectionViewController.swift in Sources */,
				21D628741B4F62AA00E6E4DB /* Word.swift in Sources */,
				21D6286F1B4F5F9200E6E4DB /* AddViewController.swift in Sources */,
				211CD7421B5D44CD00639689 /* WordCollectionViewCell.swift in Sources */,
				21D6286B1B4F5EF500E6E4DB /* HomeTableViewController.swift in Sources */,
				219D09F91BD3B348007CD6CE /* Extensions.swift in Sources */,
				21D6283A1B4F5A4A00E6E4DB /* AppDelegate.swift in Sources */,
				21D628421B4F5A4A00E6E4DB /* Red.xcdatamodeld in Sources */,
				212DAD911B5A3504007E80F2 /* WordViewController.swift in Sources */,
				21D6286D1B4F5F2C00E6E4DB /* SettingsViewController.swift in Sources */,
			);
			runOnlyForDeploymentPostprocessing = 0;
		};
		21D628491B4F5A4A00E6E4DB /* Sources */ = {
			isa = PBXSourcesBuildPhase;
			buildActionMask = 2147483647;
			files = (
				21D628521B4F5A4A00E6E4DB /* RedTests.swift in Sources */,
			);
			runOnlyForDeploymentPostprocessing = 0;
		};
		21D628541B4F5A4A00E6E4DB /* Sources */ = {
			isa = PBXSourcesBuildPhase;
			buildActionMask = 2147483647;
			files = (
				21D6285D1B4F5A4A00E6E4DB /* RedUITests.swift in Sources */,
			);
			runOnlyForDeploymentPostprocessing = 0;
		};
/* End PBXSourcesBuildPhase section */

/* Begin PBXTargetDependency section */
		21D6284F1B4F5A4A00E6E4DB /* PBXTargetDependency */ = {
			isa = PBXTargetDependency;
			target = 21D628351B4F5A4A00E6E4DB /* Capchit */;
			targetProxy = 21D6284E1B4F5A4A00E6E4DB /* PBXContainerItemProxy */;
		};
		21D6285A1B4F5A4A00E6E4DB /* PBXTargetDependency */ = {
			isa = PBXTargetDependency;
			target = 21D628351B4F5A4A00E6E4DB /* Capchit */;
			targetProxy = 21D628591B4F5A4A00E6E4DB /* PBXContainerItemProxy */;
		};
/* End PBXTargetDependency section */

/* Begin PBXVariantGroup section */
		21D6283D1B4F5A4A00E6E4DB /* Main.storyboard */ = {
			isa = PBXVariantGroup;
			children = (
				21D6283E1B4F5A4A00E6E4DB /* Base */,
			);
			name = Main.storyboard;
			sourceTree = "<group>";
		};
		21D628451B4F5A4A00E6E4DB /* LaunchScreen.storyboard */ = {
			isa = PBXVariantGroup;
			children = (
				21D628461B4F5A4A00E6E4DB /* Base */,
			);
			name = LaunchScreen.storyboard;
			sourceTree = "<group>";
		};
/* End PBXVariantGroup section */

/* Begin XCBuildConfiguration section */
		21D6285F1B4F5A4A00E6E4DB /* Debug */ = {
			isa = XCBuildConfiguration;
			buildSettings = {
				ALWAYS_SEARCH_USER_PATHS = NO;
				CLANG_CXX_LANGUAGE_STANDARD = "gnu++0x";
				CLANG_CXX_LIBRARY = "libc++";
				CLANG_ENABLE_MODULES = YES;
				CLANG_ENABLE_OBJC_ARC = YES;
				CLANG_WARN_BOOL_CONVERSION = YES;
				CLANG_WARN_CONSTANT_CONVERSION = YES;
				CLANG_WARN_DIRECT_OBJC_ISA_USAGE = YES_ERROR;
				CLANG_WARN_EMPTY_BODY = YES;
				CLANG_WARN_ENUM_CONVERSION = YES;
				CLANG_WARN_INT_CONVERSION = YES;
				CLANG_WARN_OBJC_ROOT_CLASS = YES_ERROR;
				CLANG_WARN_UNREACHABLE_CODE = YES;
				CLANG_WARN__DUPLICATE_METHOD_MATCH = YES;
				"CODE_SIGN_IDENTITY[sdk=iphoneos*]" = "iPhone Developer";
				COPY_PHASE_STRIP = NO;
				DEBUG_INFORMATION_FORMAT = dwarf;
				ENABLE_STRICT_OBJC_MSGSEND = YES;
				ENABLE_TESTABILITY = YES;
				GCC_C_LANGUAGE_STANDARD = gnu99;
				GCC_DYNAMIC_NO_PIC = NO;
				GCC_NO_COMMON_BLOCKS = YES;
				GCC_OPTIMIZATION_LEVEL = 0;
				GCC_PREPROCESSOR_DEFINITIONS = (
					"DEBUG=1",
					"$(inherited)",
				);
				GCC_WARN_64_TO_32_BIT_CONVERSION = YES;
				GCC_WARN_ABOUT_RETURN_TYPE = YES_ERROR;
				GCC_WARN_UNDECLARED_SELECTOR = YES;
				GCC_WARN_UNINITIALIZED_AUTOS = YES_AGGRESSIVE;
				GCC_WARN_UNUSED_FUNCTION = YES;
				GCC_WARN_UNUSED_VARIABLE = YES;
				IPHONEOS_DEPLOYMENT_TARGET = 8.0;
				MTL_ENABLE_DEBUG_INFO = YES;
				ONLY_ACTIVE_ARCH = YES;
				SDKROOT = iphoneos;
				SWIFT_OPTIMIZATION_LEVEL = "-Onone";
			};
			name = Debug;
		};
		21D628601B4F5A4A00E6E4DB /* Release */ = {
			isa = XCBuildConfiguration;
			buildSettings = {
				ALWAYS_SEARCH_USER_PATHS = NO;
				CLANG_CXX_LANGUAGE_STANDARD = "gnu++0x";
				CLANG_CXX_LIBRARY = "libc++";
				CLANG_ENABLE_MODULES = YES;
				CLANG_ENABLE_OBJC_ARC = YES;
				CLANG_WARN_BOOL_CONVERSION = YES;
				CLANG_WARN_CONSTANT_CONVERSION = YES;
				CLANG_WARN_DIRECT_OBJC_ISA_USAGE = YES_ERROR;
				CLANG_WARN_EMPTY_BODY = YES;
				CLANG_WARN_ENUM_CONVERSION = YES;
				CLANG_WARN_INT_CONVERSION = YES;
				CLANG_WARN_OBJC_ROOT_CLASS = YES_ERROR;
				CLANG_WARN_UNREACHABLE_CODE = YES;
				CLANG_WARN__DUPLICATE_METHOD_MATCH = YES;
				"CODE_SIGN_IDENTITY[sdk=iphoneos*]" = "iPhone Developer";
				COPY_PHASE_STRIP = NO;
				DEBUG_INFORMATION_FORMAT = "dwarf-with-dsym";
				ENABLE_NS_ASSERTIONS = NO;
				ENABLE_STRICT_OBJC_MSGSEND = YES;
				GCC_C_LANGUAGE_STANDARD = gnu99;
				GCC_NO_COMMON_BLOCKS = YES;
				GCC_WARN_64_TO_32_BIT_CONVERSION = YES;
				GCC_WARN_ABOUT_RETURN_TYPE = YES_ERROR;
				GCC_WARN_UNDECLARED_SELECTOR = YES;
				GCC_WARN_UNINITIALIZED_AUTOS = YES_AGGRESSIVE;
				GCC_WARN_UNUSED_FUNCTION = YES;
				GCC_WARN_UNUSED_VARIABLE = YES;
				IPHONEOS_DEPLOYMENT_TARGET = 8.0;
				MTL_ENABLE_DEBUG_INFO = NO;
				SDKROOT = iphoneos;
				VALIDATE_PRODUCT = YES;
			};
			name = Release;
		};
		21D628621B4F5A4A00E6E4DB /* Debug */ = {
			isa = XCBuildConfiguration;
			baseConfigurationReference = 2ED4202CDBD896B2892813CC /* Pods-Red.debug.xcconfig */;
			buildSettings = {
				ASSETCATALOG_COMPILER_APPICON_NAME = AppIcon;
				CLANG_ENABLE_MODULES = YES;
				CODE_SIGN_IDENTITY = "iPhone Developer";
				INFOPLIST_FILE = Red/Info.plist;
				IPHONEOS_DEPLOYMENT_TARGET = 8.0;
				LD_RUNPATH_SEARCH_PATHS = "$(inherited) @executable_path/Frameworks";
				PRODUCT_BUNDLE_IDENTIFIER = com.TheLeaf.Red;
				PRODUCT_NAME = Capchit;
				SWIFT_OBJC_BRIDGING_HEADER = "Red/Red-Bridging-Header.h";
				SWIFT_OPTIMIZATION_LEVEL = "-Onone";
			};
			name = Debug;
		};
		21D628631B4F5A4A00E6E4DB /* Release */ = {
			isa = XCBuildConfiguration;
			baseConfigurationReference = B626DFA29F3CF2382A565349 /* Pods-Red.release.xcconfig */;
			buildSettings = {
				ASSETCATALOG_COMPILER_APPICON_NAME = AppIcon;
				CLANG_ENABLE_MODULES = YES;
				CODE_SIGN_IDENTITY = "iPhone Developer";
				INFOPLIST_FILE = Red/Info.plist;
				IPHONEOS_DEPLOYMENT_TARGET = 8.0;
				LD_RUNPATH_SEARCH_PATHS = "$(inherited) @executable_path/Frameworks";
				PRODUCT_BUNDLE_IDENTIFIER = com.TheLeaf.Red;
				PRODUCT_NAME = Capchit;
				SWIFT_OBJC_BRIDGING_HEADER = "Red/Red-Bridging-Header.h";
			};
			name = Release;
		};
		21D628651B4F5A4A00E6E4DB /* Debug */ = {
			isa = XCBuildConfiguration;
			buildSettings = {
				BUNDLE_LOADER = "$(TEST_HOST)";
				INFOPLIST_FILE = RedTests/Info.plist;
				LD_RUNPATH_SEARCH_PATHS = "$(inherited) @executable_path/Frameworks @loader_path/Frameworks";
				PRODUCT_BUNDLE_IDENTIFIER = com.TheLeaf.RedTests;
				PRODUCT_NAME = Capchit;
				TEST_HOST = "$(BUILT_PRODUCTS_DIR)/Capchit.app/Capchit";
			};
			name = Debug;
		};
		21D628661B4F5A4A00E6E4DB /* Release */ = {
			isa = XCBuildConfiguration;
			buildSettings = {
				BUNDLE_LOADER = "$(TEST_HOST)";
				INFOPLIST_FILE = RedTests/Info.plist;
				LD_RUNPATH_SEARCH_PATHS = "$(inherited) @executable_path/Frameworks @loader_path/Frameworks";
				PRODUCT_BUNDLE_IDENTIFIER = com.TheLeaf.RedTests;
				PRODUCT_NAME = Capchit;
				TEST_HOST = "$(BUILT_PRODUCTS_DIR)/Capchit.app/Capchit";
			};
			name = Release;
		};
		21D628681B4F5A4A00E6E4DB /* Debug */ = {
			isa = XCBuildConfiguration;
			buildSettings = {
				INFOPLIST_FILE = RedUITests/Info.plist;
				LD_RUNPATH_SEARCH_PATHS = "$(inherited) @executable_path/Frameworks @loader_path/Frameworks";
				PRODUCT_BUNDLE_IDENTIFIER = com.TheLeaf.RedUITests;
				PRODUCT_NAME = Capchit;
				TEST_TARGET_NAME = Red;
				USES_XCTRUNNER = YES;
			};
			name = Debug;
		};
		21D628691B4F5A4A00E6E4DB /* Release */ = {
			isa = XCBuildConfiguration;
			buildSettings = {
				INFOPLIST_FILE = RedUITests/Info.plist;
				LD_RUNPATH_SEARCH_PATHS = "$(inherited) @executable_path/Frameworks @loader_path/Frameworks";
				PRODUCT_BUNDLE_IDENTIFIER = com.TheLeaf.RedUITests;
				PRODUCT_NAME = Capchit;
				TEST_TARGET_NAME = Red;
				USES_XCTRUNNER = YES;
			};
			name = Release;
		};
/* End XCBuildConfiguration section */

/* Begin XCConfigurationList section */
		21D628311B4F5A4A00E6E4DB /* Build configuration list for PBXProject "Capchit" */ = {
			isa = XCConfigurationList;
			buildConfigurations = (
				21D6285F1B4F5A4A00E6E4DB /* Debug */,
				21D628601B4F5A4A00E6E4DB /* Release */,
			);
			defaultConfigurationIsVisible = 0;
			defaultConfigurationName = Release;
		};
		21D628611B4F5A4A00E6E4DB /* Build configuration list for PBXNativeTarget "Capchit" */ = {
			isa = XCConfigurationList;
			buildConfigurations = (
				21D628621B4F5A4A00E6E4DB /* Debug */,
				21D628631B4F5A4A00E6E4DB /* Release */,
			);
			defaultConfigurationIsVisible = 0;
			defaultConfigurationName = Release;
		};
		21D628641B4F5A4A00E6E4DB /* Build configuration list for PBXNativeTarget "CapchitTests" */ = {
			isa = XCConfigurationList;
			buildConfigurations = (
				21D628651B4F5A4A00E6E4DB /* Debug */,
				21D628661B4F5A4A00E6E4DB /* Release */,
			);
			defaultConfigurationIsVisible = 0;
			defaultConfigurationName = Release;
		};
		21D628671B4F5A4A00E6E4DB /* Build configuration list for PBXNativeTarget "CapchitUITests" */ = {
			isa = XCConfigurationList;
			buildConfigurations = (
				21D628681B4F5A4A00E6E4DB /* Debug */,
				21D628691B4F5A4A00E6E4DB /* Release */,
			);
			defaultConfigurationIsVisible = 0;
			defaultConfigurationName = Release;
		};
/* End XCConfigurationList section */

/* Begin XCVersionGroup section */
		21D628401B4F5A4A00E6E4DB /* Red.xcdatamodeld */ = {
			isa = XCVersionGroup;
			children = (
				21D628411B4F5A4A00E6E4DB /* Red.xcdatamodel */,
			);
			currentVersion = 21D628411B4F5A4A00E6E4DB /* Red.xcdatamodel */;
			path = Red.xcdatamodeld;
			sourceTree = "<group>";
			versionGroupType = wrapper.xcdatamodel;
		};
/* End XCVersionGroup section */
	};
	rootObject = 21D6282E1B4F5A4A00E6E4DB /* Project object */;
}
